// !$*UTF8*$!
{
	archiveVersion = 1;
	classes = {
	};
	objectVersion = 56;
	objects = {

/* Begin PBXBuildFile section */
		0B10126B2A17D0D800F672F9 /* Product.swift in Sources */ = {isa = PBXBuildFile; fileRef = 0B10126A2A17D0D800F672F9 /* Product.swift */; };
		0B10126D2A17D22300F672F9 /* ImmitationOfDB.swift in Sources */ = {isa = PBXBuildFile; fileRef = 0B10126C2A17D22300F672F9 /* ImmitationOfDB.swift */; };
		0B10126F2A17DBEB00F672F9 /* User.swift in Sources */ = {isa = PBXBuildFile; fileRef = 0B10126E2A17DBEB00F672F9 /* User.swift */; };
		0B1012712A1879FF00F672F9 /* PhoneNumberScreen.swift in Sources */ = {isa = PBXBuildFile; fileRef = 0B1012702A1879FF00F672F9 /* PhoneNumberScreen.swift */; };
		0B1012752A18889E00F672F9 /* Address.swift in Sources */ = {isa = PBXBuildFile; fileRef = 0B1012742A18889E00F672F9 /* Address.swift */; };
		0B4DF5572A1665F200CBE1D8 /* WeeklyDelivery2App.swift in Sources */ = {isa = PBXBuildFile; fileRef = 0B4DF5562A1665F200CBE1D8 /* WeeklyDelivery2App.swift */; };
		0B4DF5592A1665F200CBE1D8 /* ContentView.swift in Sources */ = {isa = PBXBuildFile; fileRef = 0B4DF5582A1665F200CBE1D8 /* ContentView.swift */; };
		0B4DF55B2A1665F300CBE1D8 /* Assets.xcassets in Resources */ = {isa = PBXBuildFile; fileRef = 0B4DF55A2A1665F300CBE1D8 /* Assets.xcassets */; };
		0B4DF55E2A1665F300CBE1D8 /* Preview Assets.xcassets in Resources */ = {isa = PBXBuildFile; fileRef = 0B4DF55D2A1665F300CBE1D8 /* Preview Assets.xcassets */; };
		0B5BBD5F2A16672100AFA1AA /* Components.swift in Sources */ = {isa = PBXBuildFile; fileRef = 0B5BBD5E2A16672100AFA1AA /* Components.swift */; };
		0B5BBD612A166E0300AFA1AA /* SubscriptionScreen.swift in Sources */ = {isa = PBXBuildFile; fileRef = 0B5BBD602A166E0300AFA1AA /* SubscriptionScreen.swift */; };
		0B5BBD632A168ECC00AFA1AA /* MainScreen.swift in Sources */ = {isa = PBXBuildFile; fileRef = 0B5BBD622A168ECC00AFA1AA /* MainScreen.swift */; };
		0B5BBD652A168EDB00AFA1AA /* SearchScreen.swift in Sources */ = {isa = PBXBuildFile; fileRef = 0B5BBD642A168EDB00AFA1AA /* SearchScreen.swift */; };
		0B5BBD672A168EFB00AFA1AA /* BasketScreen.swift in Sources */ = {isa = PBXBuildFile; fileRef = 0B5BBD662A168EFB00AFA1AA /* BasketScreen.swift */; };
		0B5BBD692A168F0E00AFA1AA /* AddressAddScreen.swift in Sources */ = {isa = PBXBuildFile; fileRef = 0B5BBD682A168F0E00AFA1AA /* AddressAddScreen.swift */; };
		0B5BBD6B2A17387E00AFA1AA /* InCategoryScreen.swift in Sources */ = {isa = PBXBuildFile; fileRef = 0B5BBD6A2A17387E00AFA1AA /* InCategoryScreen.swift */; };
/* End PBXBuildFile section */

/* Begin PBXFileReference section */
		0B10126A2A17D0D800F672F9 /* Product.swift */ = {isa = PBXFileReference; lastKnownFileType = sourcecode.swift; path = Product.swift; sourceTree = "<group>"; };
		0B10126C2A17D22300F672F9 /* ImmitationOfDB.swift */ = {isa = PBXFileReference; lastKnownFileType = sourcecode.swift; path = ImmitationOfDB.swift; sourceTree = "<group>"; };
		0B10126E2A17DBEB00F672F9 /* User.swift */ = {isa = PBXFileReference; lastKnownFileType = sourcecode.swift; path = User.swift; sourceTree = "<group>"; };
		0B1012702A1879FF00F672F9 /* PhoneNumberScreen.swift */ = {isa = PBXFileReference; lastKnownFileType = sourcecode.swift; path = PhoneNumberScreen.swift; sourceTree = "<group>"; };
		0B1012742A18889E00F672F9 /* Address.swift */ = {isa = PBXFileReference; lastKnownFileType = sourcecode.swift; path = Address.swift; sourceTree = "<group>"; };
		0B4DF5532A1665F200CBE1D8 /* WeeklyDelivery2.app */ = {isa = PBXFileReference; explicitFileType = wrapper.application; includeInIndex = 0; path = WeeklyDelivery2.app; sourceTree = BUILT_PRODUCTS_DIR; };
		0B4DF5562A1665F200CBE1D8 /* WeeklyDelivery2App.swift */ = {isa = PBXFileReference; lastKnownFileType = sourcecode.swift; path = WeeklyDelivery2App.swift; sourceTree = "<group>"; };
		0B4DF5582A1665F200CBE1D8 /* ContentView.swift */ = {isa = PBXFileReference; lastKnownFileType = sourcecode.swift; path = ContentView.swift; sourceTree = "<group>"; };
		0B4DF55A2A1665F300CBE1D8 /* Assets.xcassets */ = {isa = PBXFileReference; lastKnownFileType = folder.assetcatalog; path = Assets.xcassets; sourceTree = "<group>"; };
		0B4DF55D2A1665F300CBE1D8 /* Preview Assets.xcassets */ = {isa = PBXFileReference; lastKnownFileType = folder.assetcatalog; path = "Preview Assets.xcassets"; sourceTree = "<group>"; };
		0B5BBD5E2A16672100AFA1AA /* Components.swift */ = {isa = PBXFileReference; lastKnownFileType = sourcecode.swift; path = Components.swift; sourceTree = "<group>"; };
		0B5BBD602A166E0300AFA1AA /* SubscriptionScreen.swift */ = {isa = PBXFileReference; lastKnownFileType = sourcecode.swift; path = SubscriptionScreen.swift; sourceTree = "<group>"; };
		0B5BBD622A168ECC00AFA1AA /* MainScreen.swift */ = {isa = PBXFileReference; lastKnownFileType = sourcecode.swift; path = MainScreen.swift; sourceTree = "<group>"; };
		0B5BBD642A168EDB00AFA1AA /* SearchScreen.swift */ = {isa = PBXFileReference; lastKnownFileType = sourcecode.swift; path = SearchScreen.swift; sourceTree = "<group>"; };
		0B5BBD662A168EFB00AFA1AA /* BasketScreen.swift */ = {isa = PBXFileReference; lastKnownFileType = sourcecode.swift; path = BasketScreen.swift; sourceTree = "<group>"; };
		0B5BBD682A168F0E00AFA1AA /* AddressAddScreen.swift */ = {isa = PBXFileReference; lastKnownFileType = sourcecode.swift; path = AddressAddScreen.swift; sourceTree = "<group>"; };
		0B5BBD6A2A17387E00AFA1AA /* InCategoryScreen.swift */ = {isa = PBXFileReference; lastKnownFileType = sourcecode.swift; path = InCategoryScreen.swift; sourceTree = "<group>"; };
/* End PBXFileReference section */

/* Begin PBXFrameworksBuildPhase section */
		0B4DF5502A1665F200CBE1D8 /* Frameworks */ = {
			isa = PBXFrameworksBuildPhase;
			buildActionMask = 2147483647;
			files = (
			);
			runOnlyForDeploymentPostprocessing = 0;
		};
/* End PBXFrameworksBuildPhase section */

/* Begin PBXGroup section */
		0B4DF54A2A1665F200CBE1D8 = {
			isa = PBXGroup;
			children = (
				0B4DF5552A1665F200CBE1D8 /* WeeklyDelivery2 */,
				0B4DF5542A1665F200CBE1D8 /* Products */,
			);
			sourceTree = "<group>";
		};
		0B4DF5542A1665F200CBE1D8 /* Products */ = {
			isa = PBXGroup;
			children = (
				0B4DF5532A1665F200CBE1D8 /* WeeklyDelivery2.app */,
			);
			name = Products;
			sourceTree = "<group>";
		};
		0B4DF5552A1665F200CBE1D8 /* WeeklyDelivery2 */ = {
			isa = PBXGroup;
			children = (
				0B4DF5562A1665F200CBE1D8 /* WeeklyDelivery2App.swift */,
				0B4DF5582A1665F200CBE1D8 /* ContentView.swift */,
				0B5BBD622A168ECC00AFA1AA /* MainScreen.swift */,
				0B5BBD642A168EDB00AFA1AA /* SearchScreen.swift */,
				0B5BBD6A2A17387E00AFA1AA /* InCategoryScreen.swift */,
				0B5BBD662A168EFB00AFA1AA /* BasketScreen.swift */,
				0B1012702A1879FF00F672F9 /* PhoneNumberScreen.swift */,
				0B5BBD602A166E0300AFA1AA /* SubscriptionScreen.swift */,
				0B5BBD682A168F0E00AFA1AA /* AddressAddScreen.swift */,
				0B1012742A18889E00F672F9 /* Address.swift */,
				0B10126E2A17DBEB00F672F9 /* User.swift */,
				0B10126C2A17D22300F672F9 /* ImmitationOfDB.swift */,
				0B10126A2A17D0D800F672F9 /* Product.swift */,
				0B5BBD5E2A16672100AFA1AA /* Components.swift */,
				0B4DF55A2A1665F300CBE1D8 /* Assets.xcassets */,
				0B4DF55C2A1665F300CBE1D8 /* Preview Content */,
			);
			path = WeeklyDelivery2;
			sourceTree = "<group>";
		};
		0B4DF55C2A1665F300CBE1D8 /* Preview Content */ = {
			isa = PBXGroup;
			children = (
				0B4DF55D2A1665F300CBE1D8 /* Preview Assets.xcassets */,
			);
			path = "Preview Content";
			sourceTree = "<group>";
		};
/* End PBXGroup section */

/* Begin PBXNativeTarget section */
		0B4DF5522A1665F200CBE1D8 /* WeeklyDelivery2 */ = {
			isa = PBXNativeTarget;
			buildConfigurationList = 0B4DF5612A1665F300CBE1D8 /* Build configuration list for PBXNativeTarget "WeeklyDelivery2" */;
			buildPhases = (
				0B4DF54F2A1665F200CBE1D8 /* Sources */,
				0B4DF5502A1665F200CBE1D8 /* Frameworks */,
				0B4DF5512A1665F200CBE1D8 /* Resources */,
			);
			buildRules = (
			);
			dependencies = (
			);
			name = WeeklyDelivery2;
			productName = WeeklyDelivery2;
			productReference = 0B4DF5532A1665F200CBE1D8 /* WeeklyDelivery2.app */;
			productType = "com.apple.product-type.application";
		};
/* End PBXNativeTarget section */

/* Begin PBXProject section */
		0B4DF54B2A1665F200CBE1D8 /* Project object */ = {
			isa = PBXProject;
			attributes = {
				BuildIndependentTargetsInParallel = 1;
				LastSwiftUpdateCheck = 1430;
				LastUpgradeCheck = 1430;
				TargetAttributes = {
					0B4DF5522A1665F200CBE1D8 = {
						CreatedOnToolsVersion = 14.3;
					};
				};
			};
			buildConfigurationList = 0B4DF54E2A1665F200CBE1D8 /* Build configuration list for PBXProject "WeeklyDelivery2" */;
			compatibilityVersion = "Xcode 14.0";
			developmentRegion = en;
			hasScannedForEncodings = 0;
			knownRegions = (
				en,
				Base,
			);
			mainGroup = 0B4DF54A2A1665F200CBE1D8;
			productRefGroup = 0B4DF5542A1665F200CBE1D8 /* Products */;
			projectDirPath = "";
			projectRoot = "";
			targets = (
				0B4DF5522A1665F200CBE1D8 /* WeeklyDelivery2 */,
			);
		};
/* End PBXProject section */

/* Begin PBXResourcesBuildPhase section */
		0B4DF5512A1665F200CBE1D8 /* Resources */ = {
			isa = PBXResourcesBuildPhase;
			buildActionMask = 2147483647;
			files = (
				0B4DF55E2A1665F300CBE1D8 /* Preview Assets.xcassets in Resources */,
				0B4DF55B2A1665F300CBE1D8 /* Assets.xcassets in Resources */,
			);
			runOnlyForDeploymentPostprocessing = 0;
		};
/* End PBXResourcesBuildPhase section */

/* Begin PBXSourcesBuildPhase section */
		0B4DF54F2A1665F200CBE1D8 /* Sources */ = {
			isa = PBXSourcesBuildPhase;
			buildActionMask = 2147483647;
			files = (
				0B5BBD692A168F0E00AFA1AA /* AddressAddScreen.swift in Sources */,
				0B5BBD612A166E0300AFA1AA /* SubscriptionScreen.swift in Sources */,
				0B5BBD6B2A17387E00AFA1AA /* InCategoryScreen.swift in Sources */,
				0B10126D2A17D22300F672F9 /* ImmitationOfDB.swift in Sources */,
				0B1012712A1879FF00F672F9 /* PhoneNumberScreen.swift in Sources */,
				0B4DF5592A1665F200CBE1D8 /* ContentView.swift in Sources */,
				0B1012752A18889E00F672F9 /* Address.swift in Sources */,
				0B5BBD632A168ECC00AFA1AA /* MainScreen.swift in Sources */,
				0B5BBD5F2A16672100AFA1AA /* Components.swift in Sources */,
				0B4DF5572A1665F200CBE1D8 /* WeeklyDelivery2App.swift in Sources */,
				0B10126F2A17DBEB00F672F9 /* User.swift in Sources */,
				0B10126B2A17D0D800F672F9 /* Product.swift in Sources */,
				0B5BBD652A168EDB00AFA1AA /* SearchScreen.swift in Sources */,
				0B5BBD672A168EFB00AFA1AA /* BasketScreen.swift in Sources */,
			);
			runOnlyForDeploymentPostprocessing = 0;
		};
/* End PBXSourcesBuildPhase section */

/* Begin XCBuildConfiguration section */
		0B4DF55F2A1665F300CBE1D8 /* Debug */ = {
			isa = XCBuildConfiguration;
			buildSettings = {
				ALWAYS_SEARCH_USER_PATHS = NO;
				CLANG_ANALYZER_NONNULL = YES;
				CLANG_ANALYZER_NUMBER_OBJECT_CONVERSION = YES_AGGRESSIVE;
				CLANG_CXX_LANGUAGE_STANDARD = "gnu++20";
				CLANG_ENABLE_MODULES = YES;
				CLANG_ENABLE_OBJC_ARC = YES;
				CLANG_ENABLE_OBJC_WEAK = YES;
				CLANG_WARN_BLOCK_CAPTURE_AUTORELEASING = YES;
				CLANG_WARN_BOOL_CONVERSION = YES;
				CLANG_WARN_COMMA = YES;
				CLANG_WARN_CONSTANT_CONVERSION = YES;
				CLANG_WARN_DEPRECATED_OBJC_IMPLEMENTATIONS = YES;
				CLANG_WARN_DIRECT_OBJC_ISA_USAGE = YES_ERROR;
				CLANG_WARN_DOCUMENTATION_COMMENTS = YES;
				CLANG_WARN_EMPTY_BODY = YES;
				CLANG_WARN_ENUM_CONVERSION = YES;
				CLANG_WARN_INFINITE_RECURSION = YES;
				CLANG_WARN_INT_CONVERSION = YES;
				CLANG_WARN_NON_LITERAL_NULL_CONVERSION = YES;
				CLANG_WARN_OBJC_IMPLICIT_RETAIN_SELF = YES;
				CLANG_WARN_OBJC_LITERAL_CONVERSION = YES;
				CLANG_WARN_OBJC_ROOT_CLASS = YES_ERROR;
				CLANG_WARN_QUOTED_INCLUDE_IN_FRAMEWORK_HEADER = YES;
				CLANG_WARN_RANGE_LOOP_ANALYSIS = YES;
				CLANG_WARN_STRICT_PROTOTYPES = YES;
				CLANG_WARN_SUSPICIOUS_MOVE = YES;
				CLANG_WARN_UNGUARDED_AVAILABILITY = YES_AGGRESSIVE;
				CLANG_WARN_UNREACHABLE_CODE = YES;
				CLANG_WARN__DUPLICATE_METHOD_MATCH = YES;
				COPY_PHASE_STRIP = NO;
				DEBUG_INFORMATION_FORMAT = dwarf;
				ENABLE_STRICT_OBJC_MSGSEND = YES;
				ENABLE_TESTABILITY = YES;
				GCC_C_LANGUAGE_STANDARD = gnu11;
				GCC_DYNAMIC_NO_PIC = NO;
				GCC_NO_COMMON_BLOCKS = YES;
				GCC_OPTIMIZATION_LEVEL = 0;
				GCC_PREPROCESSOR_DEFINITIONS = (
					"DEBUG=1",
					"$(inherited)",
				);
				GCC_WARN_64_TO_32_BIT_CONVERSION = YES;
				GCC_WARN_ABOUT_RETURN_TYPE = YES_ERROR;
				GCC_WARN_UNDECLARED_SELECTOR = YES;
				GCC_WARN_UNINITIALIZED_AUTOS = YES_AGGRESSIVE;
				GCC_WARN_UNUSED_FUNCTION = YES;
				GCC_WARN_UNUSED_VARIABLE = YES;
				IPHONEOS_DEPLOYMENT_TARGET = 16.4;
				MTL_ENABLE_DEBUG_INFO = INCLUDE_SOURCE;
				MTL_FAST_MATH = YES;
				ONLY_ACTIVE_ARCH = YES;
				SDKROOT = iphoneos;
				SWIFT_ACTIVE_COMPILATION_CONDITIONS = DEBUG;
				SWIFT_OPTIMIZATION_LEVEL = "-Onone";
			};
			name = Debug;
		};
		0B4DF5602A1665F300CBE1D8 /* Release */ = {
			isa = XCBuildConfiguration;
			buildSettings = {
				ALWAYS_SEARCH_USER_PATHS = NO;
				CLANG_ANALYZER_NONNULL = YES;
				CLANG_ANALYZER_NUMBER_OBJECT_CONVERSION = YES_AGGRESSIVE;
				CLANG_CXX_LANGUAGE_STANDARD = "gnu++20";
				CLANG_ENABLE_MODULES = YES;
				CLANG_ENABLE_OBJC_ARC = YES;
				CLANG_ENABLE_OBJC_WEAK = YES;
				CLANG_WARN_BLOCK_CAPTURE_AUTORELEASING = YES;
				CLANG_WARN_BOOL_CONVERSION = YES;
				CLANG_WARN_COMMA = YES;
				CLANG_WARN_CONSTANT_CONVERSION = YES;
				CLANG_WARN_DEPRECATED_OBJC_IMPLEMENTATIONS = YES;
				CLANG_WARN_DIRECT_OBJC_ISA_USAGE = YES_ERROR;
				CLANG_WARN_DOCUMENTATION_COMMENTS = YES;
				CLANG_WARN_EMPTY_BODY = YES;
				CLANG_WARN_ENUM_CONVERSION = YES;
				CLANG_WARN_INFINITE_RECURSION = YES;
				CLANG_WARN_INT_CONVERSION = YES;
				CLANG_WARN_NON_LITERAL_NULL_CONVERSION = YES;
				CLANG_WARN_OBJC_IMPLICIT_RETAIN_SELF = YES;
				CLANG_WARN_OBJC_LITERAL_CONVERSION = YES;
				CLANG_WARN_OBJC_ROOT_CLASS = YES_ERROR;
				CLANG_WARN_QUOTED_INCLUDE_IN_FRAMEWORK_HEADER = YES;
				CLANG_WARN_RANGE_LOOP_ANALYSIS = YES;
				CLANG_WARN_STRICT_PROTOTYPES = YES;
				CLANG_WARN_SUSPICIOUS_MOVE = YES;
				CLANG_WARN_UNGUARDED_AVAILABILITY = YES_AGGRESSIVE;
				CLANG_WARN_UNREACHABLE_CODE = YES;
				CLANG_WARN__DUPLICATE_METHOD_MATCH = YES;
				COPY_PHASE_STRIP = NO;
				DEBUG_INFORMATION_FORMAT = "dwarf-with-dsym";
				ENABLE_NS_ASSERTIONS = NO;
				ENABLE_STRICT_OBJC_MSGSEND = YES;
				GCC_C_LANGUAGE_STANDARD = gnu11;
				GCC_NO_COMMON_BLOCKS = YES;
				GCC_WARN_64_TO_32_BIT_CONVERSION = YES;
				GCC_WARN_ABOUT_RETURN_TYPE = YES_ERROR;
				GCC_WARN_UNDECLARED_SELECTOR = YES;
				GCC_WARN_UNINITIALIZED_AUTOS = YES_AGGRESSIVE;
				GCC_WARN_UNUSED_FUNCTION = YES;
				GCC_WARN_UNUSED_VARIABLE = YES;
				IPHONEOS_DEPLOYMENT_TARGET = 16.4;
				MTL_ENABLE_DEBUG_INFO = NO;
				MTL_FAST_MATH = YES;
				SDKROOT = iphoneos;
				SWIFT_COMPILATION_MODE = wholemodule;
				SWIFT_OPTIMIZATION_LEVEL = "-O";
				VALIDATE_PRODUCT = YES;
			};
			name = Release;
		};
		0B4DF5622A1665F300CBE1D8 /* Debug */ = {
			isa = XCBuildConfiguration;
			buildSettings = {
				ASSETCATALOG_COMPILER_APPICON_NAME = AppIcon;
				ASSETCATALOG_COMPILER_GLOBAL_ACCENT_COLOR_NAME = AccentColor;
				CODE_SIGN_STYLE = Automatic;
				CURRENT_PROJECT_VERSION = 1;
				DEVELOPMENT_ASSET_PATHS = "\"WeeklyDelivery2/Preview Content\"";
				ENABLE_PREVIEWS = YES;
				GENERATE_INFOPLIST_FILE = YES;
				INFOPLIST_KEY_UIApplicationSceneManifest_Generation = YES;
				INFOPLIST_KEY_UIApplicationSupportsIndirectInputEvents = YES;
				INFOPLIST_KEY_UILaunchScreen_Generation = YES;
				INFOPLIST_KEY_UISupportedInterfaceOrientations_iPad = "UIInterfaceOrientationPortrait UIInterfaceOrientationPortraitUpsideDown UIInterfaceOrientationLandscapeLeft UIInterfaceOrientationLandscapeRight";
				INFOPLIST_KEY_UISupportedInterfaceOrientations_iPhone = "UIInterfaceOrientationPortrait UIInterfaceOrientationLandscapeLeft UIInterfaceOrientationLandscapeRight";
				LD_RUNPATH_SEARCH_PATHS = (
					"$(inherited)",
					"@executable_path/Frameworks",
				);
				MARKETING_VERSION = 1.0;
				PRODUCT_BUNDLE_IDENTIFIER = "Akhmetov-C..WeeklyDelivery2";
				PRODUCT_NAME = "$(TARGET_NAME)";
				SWIFT_EMIT_LOC_STRINGS = YES;
				SWIFT_VERSION = 5.0;
				TARGETED_DEVICE_FAMILY = "1,2";
			};
			name = Debug;
		};
		0B4DF5632A1665F300CBE1D8 /* Release */ = {
			isa = XCBuildConfiguration;
			buildSettings = {
				ASSETCATALOG_COMPILER_APPICON_NAME = AppIcon;
				ASSETCATALOG_COMPILER_GLOBAL_ACCENT_COLOR_NAME = AccentColor;
				CODE_SIGN_STYLE = Automatic;
				CURRENT_PROJECT_VERSION = 1;
				DEVELOPMENT_ASSET_PATHS = "\"WeeklyDelivery2/Preview Content\"";
				ENABLE_PREVIEWS = YES;
				GENERATE_INFOPLIST_FILE = YES;
				INFOPLIST_KEY_UIApplicationSceneManifest_Generation = YES;
				INFOPLIST_KEY_UIApplicationSupportsIndirectInputEvents = YES;
				INFOPLIST_KEY_UILaunchScreen_Generation = YES;
				INFOPLIST_KEY_UISupportedInterfaceOrientations_iPad = "UIInterfaceOrientationPortrait UIInterfaceOrientationPortraitUpsideDown UIInterfaceOrientationLandscapeLeft UIInterfaceOrientationLandscapeRight";
				INFOPLIST_KEY_UISupportedInterfaceOrientations_iPhone = "UIInterfaceOrientationPortrait UIInterfaceOrientationLandscapeLeft UIInterfaceOrientationLandscapeRight";
				LD_RUNPATH_SEARCH_PATHS = (
					"$(inherited)",
					"@executable_path/Frameworks",
				);
				MARKETING_VERSION = 1.0;
				PRODUCT_BUNDLE_IDENTIFIER = "Akhmetov-C..WeeklyDelivery2";
				PRODUCT_NAME = "$(TARGET_NAME)";
				SWIFT_EMIT_LOC_STRINGS = YES;
				SWIFT_VERSION = 5.0;
				TARGETED_DEVICE_FAMILY = "1,2";
			};
			name = Release;
		};
/* End XCBuildConfiguration section */

/* Begin XCConfigurationList section */
		0B4DF54E2A1665F200CBE1D8 /* Build configuration list for PBXProject "WeeklyDelivery2" */ = {
			isa = XCConfigurationList;
			buildConfigurations = (
				0B4DF55F2A1665F300CBE1D8 /* Debug */,
				0B4DF5602A1665F300CBE1D8 /* Release */,
			);
			defaultConfigurationIsVisible = 0;
			defaultConfigurationName = Release;
		};
		0B4DF5612A1665F300CBE1D8 /* Build configuration list for PBXNativeTarget "WeeklyDelivery2" */ = {
			isa = XCConfigurationList;
			buildConfigurations = (
				0B4DF5622A1665F300CBE1D8 /* Debug */,
				0B4DF5632A1665F300CBE1D8 /* Release */,
			);
			defaultConfigurationIsVisible = 0;
			defaultConfigurationName = Release;
		};
/* End XCConfigurationList section */
	};
	rootObject = 0B4DF54B2A1665F200CBE1D8 /* Project object */;
}
